
Microsoft Visual Studio Solution File, Format Version 12.00
# Visual Studio Version 16
VisualStudioVersion = 16.0.30804.86
MinimumVisualStudioVersion = 10.0.40219.1
Project("{FAE04EC0-301F-11D3-BF4B-00C04F79EFBC}") = "01.ReverseStrings", "01.ReverseStrings\01.ReverseStrings.csproj", "{C9D9F7A9-D484-46B9-A814-BECA619285E9}"
EndProject
Project("{FAE04EC0-301F-11D3-BF4B-00C04F79EFBC}") = "01.ReverseStrings1", "01.ReverseStrings1\01.ReverseStrings1.csproj", "{35909A90-8243-4971-8FAD-C653146CF750}"
EndProject
Project("{FAE04EC0-301F-11D3-BF4B-00C04F79EFBC}") = "01.ReverseStrings2", "01.ReverseString2\01.ReverseStrings2.csproj", "{5C35A051-7607-4619-90A9-7CEDB9B3FEF9}"
EndProject
Global
	GlobalSection(SolutionConfigurationPlatforms) = preSolution
		Debug|Any CPU = Debug|Any CPU
		Release|Any CPU = Release|Any CPU
	EndGlobalSection
	GlobalSection(ProjectConfigurationPlatforms) = postSolution
		{C9D9F7A9-D484-46B9-A814-BECA619285E9}.Debug|Any CPU.ActiveCfg = Debug|Any CPU
		{C9D9F7A9-D484-46B9-A814-BECA619285E9}.Debug|Any CPU.Build.0 = Debug|Any CPU
		{C9D9F7A9-D484-46B9-A814-BECA619285E9}.Release|Any CPU.ActiveCfg = Release|Any CPU
		{C9D9F7A9-D484-46B9-A814-BECA619285E9}.Release|Any CPU.Build.0 = Release|Any CPU
		{35909A90-8243-4971-8FAD-C653146CF750}.Debug|Any CPU.ActiveCfg = Debug|Any CPU
		{35909A90-8243-4971-8FAD-C653146CF750}.Debug|Any CPU.Build.0 = Debug|Any CPU
		{35909A90-8243-4971-8FAD-C653146CF750}.Release|Any CPU.ActiveCfg = Release|Any CPU
		{35909A90-8243-4971-8FAD-C653146CF750}.Release|Any CPU.Build.0 = Release|Any CPU
		{5C35A051-7607-4619-90A9-7CEDB9B3FEF9}.Debug|Any CPU.ActiveCfg = Debug|Any CPU
		{5C35A051-7607-4619-90A9-7CEDB9B3FEF9}.Debug|Any CPU.Build.0 = Debug|Any CPU
		{5C35A051-7607-4619-90A9-7CEDB9B3FEF9}.Release|Any CPU.ActiveCfg = Release|Any CPU
		{5C35A051-7607-4619-90A9-7CEDB9B3FEF9}.Release|Any CPU.Build.0 = Release|Any CPU
	EndGlobalSection
	GlobalSection(SolutionProperties) = preSolution
		HideSolutionNode = FALSE
	EndGlobalSection
	GlobalSection(ExtensibilityGlobals) = postSolution
		SolutionGuid = {12BA9691-79F4-4B9E-9210-3A468786C72C}
	EndGlobalSection
EndGlobal
