
Microsoft Visual Studio Solution File, Format Version 12.00
# Visual Studio Version 16
VisualStudioVersion = 16.0.30804.86
MinimumVisualStudioVersion = 10.0.40219.1
Project("{9A19103F-16F7-4668-BE54-9A1E7A4F7556}") = "01.ReverseStrings", "01.ReverseStrings\01.ReverseStrings.csproj", "{9A53BD83-A45C-42C6-A21B-9C5DB7CA973E}"
EndProject
Project("{9A19103F-16F7-4668-BE54-9A1E7A4F7556}") = "01.ReverseStrings1", "01.ReverseStrings1\01.ReverseStrings1.csproj", "{FAC03BC5-2B27-445A-A37D-7B88BEFF15C2}"
EndProject
Project("{9A19103F-16F7-4668-BE54-9A1E7A4F7556}") = "01.ReverseStrings2", "01.ReverseStrings2\01.ReverseStrings2.csproj", "{36699801-C389-47C6-A613-B00A466B9315}"
EndProject
Project("{FAE04EC0-301F-11D3-BF4B-00C04F79EFBC}") = "02.StackSum", "02.StackSum\02.StackSum.csproj", "{E1318185-1D6F-447F-B862-5F507BFC7854}"
EndProject
Project("{FAE04EC0-301F-11D3-BF4B-00C04F79EFBC}") = "03.SimpleCalculator", "03.SimpleCalculator\03.SimpleCalculator.csproj", "{5BFE41F2-533C-4810-A67D-D3514572733A}"
EndProject
Project("{FAE04EC0-301F-11D3-BF4B-00C04F79EFBC}") = "03.SimpleCalculator1", "03.SimpleCalculator1\03.SimpleCalculator1.csproj", "{5695CA33-A19E-4543-AB89-C12B4E54A272}"
EndProject
Project("{FAE04EC0-301F-11D3-BF4B-00C04F79EFBC}") = "02.StackSum1", "02.StackSum1\02.StackSum1.csproj", "{35C82221-838E-4A8E-BBEC-193961345986}"
EndProject
Project("{FAE04EC0-301F-11D3-BF4B-00C04F79EFBC}") = "04.MatchingBrackets", "04.MatchingBrackets\04.MatchingBrackets.csproj", "{5DDDE5F5-8717-46AB-9CC2-20FAFCC9BE03}"
EndProject
Project("{FAE04EC0-301F-11D3-BF4B-00C04F79EFBC}") = "04.MatchingBrackets1", "04.MatchingBrackets1\04.MatchingBrackets1.csproj", "{904056A9-AAD7-4F79-994A-3CF182EB8439}"
EndProject
Project("{FAE04EC0-301F-11D3-BF4B-00C04F79EFBC}") = "05.PrintEvenNumbers", "05.PrintEvenNumbers\05.PrintEvenNumbers.csproj", "{54D9AD2E-678F-4B79-948D-3D66B4A9B8CE}"
EndProject
Project("{FAE04EC0-301F-11D3-BF4B-00C04F79EFBC}") = "05.PrintEvenNumbers1", "05.PrintEvenNumbers1\05.PrintEvenNumbers1.csproj", "{E84BA809-8363-470C-9427-2DEADE2CDB6A}"
EndProject
Project("{FAE04EC0-301F-11D3-BF4B-00C04F79EFBC}") = "06.Supermarket", "06.Supermarket\06.Supermarket.csproj", "{A70717C0-B31A-4CBE-A8D8-6FCCC244997A}"
EndProject
Project("{FAE04EC0-301F-11D3-BF4B-00C04F79EFBC}") = "06.Supermarket1", "06.Supermarket1\06.Supermarket1.csproj", "{F68DF0EF-283D-42D7-9CB1-572CFEB3DE18}"
EndProject
Project("{FAE04EC0-301F-11D3-BF4B-00C04F79EFBC}") = "07.HotPatato", "07.HotPatato\07.HotPatato.csproj", "{49C290E2-BC94-423A-AA7D-061CC2C42AD9}"
EndProject
Project("{FAE04EC0-301F-11D3-BF4B-00C04F79EFBC}") = "07.HotPatato1", "06.HotPatato1\07.HotPatato1.csproj", "{A4B07008-CCFF-4667-BB80-EC8B66FCBAEC}"
EndProject
Global
	GlobalSection(SolutionConfigurationPlatforms) = preSolution
		Debug|Any CPU = Debug|Any CPU
		Release|Any CPU = Release|Any CPU
	EndGlobalSection
	GlobalSection(ProjectConfigurationPlatforms) = postSolution
		{9A53BD83-A45C-42C6-A21B-9C5DB7CA973E}.Debug|Any CPU.ActiveCfg = Debug|Any CPU
		{9A53BD83-A45C-42C6-A21B-9C5DB7CA973E}.Debug|Any CPU.Build.0 = Debug|Any CPU
		{9A53BD83-A45C-42C6-A21B-9C5DB7CA973E}.Release|Any CPU.ActiveCfg = Release|Any CPU
		{9A53BD83-A45C-42C6-A21B-9C5DB7CA973E}.Release|Any CPU.Build.0 = Release|Any CPU
		{FAC03BC5-2B27-445A-A37D-7B88BEFF15C2}.Debug|Any CPU.ActiveCfg = Debug|Any CPU
		{FAC03BC5-2B27-445A-A37D-7B88BEFF15C2}.Debug|Any CPU.Build.0 = Debug|Any CPU
		{FAC03BC5-2B27-445A-A37D-7B88BEFF15C2}.Release|Any CPU.ActiveCfg = Release|Any CPU
		{FAC03BC5-2B27-445A-A37D-7B88BEFF15C2}.Release|Any CPU.Build.0 = Release|Any CPU
		{36699801-C389-47C6-A613-B00A466B9315}.Debug|Any CPU.ActiveCfg = Debug|Any CPU
		{36699801-C389-47C6-A613-B00A466B9315}.Debug|Any CPU.Build.0 = Debug|Any CPU
		{36699801-C389-47C6-A613-B00A466B9315}.Release|Any CPU.ActiveCfg = Release|Any CPU
		{36699801-C389-47C6-A613-B00A466B9315}.Release|Any CPU.Build.0 = Release|Any CPU
		{E1318185-1D6F-447F-B862-5F507BFC7854}.Debug|Any CPU.ActiveCfg = Debug|Any CPU
		{E1318185-1D6F-447F-B862-5F507BFC7854}.Debug|Any CPU.Build.0 = Debug|Any CPU
		{E1318185-1D6F-447F-B862-5F507BFC7854}.Release|Any CPU.ActiveCfg = Release|Any CPU
		{E1318185-1D6F-447F-B862-5F507BFC7854}.Release|Any CPU.Build.0 = Release|Any CPU
		{5BFE41F2-533C-4810-A67D-D3514572733A}.Debug|Any CPU.ActiveCfg = Debug|Any CPU
		{5BFE41F2-533C-4810-A67D-D3514572733A}.Debug|Any CPU.Build.0 = Debug|Any CPU
		{5BFE41F2-533C-4810-A67D-D3514572733A}.Release|Any CPU.ActiveCfg = Release|Any CPU
		{5BFE41F2-533C-4810-A67D-D3514572733A}.Release|Any CPU.Build.0 = Release|Any CPU
		{5695CA33-A19E-4543-AB89-C12B4E54A272}.Debug|Any CPU.ActiveCfg = Debug|Any CPU
		{5695CA33-A19E-4543-AB89-C12B4E54A272}.Debug|Any CPU.Build.0 = Debug|Any CPU
		{5695CA33-A19E-4543-AB89-C12B4E54A272}.Release|Any CPU.ActiveCfg = Release|Any CPU
		{5695CA33-A19E-4543-AB89-C12B4E54A272}.Release|Any CPU.Build.0 = Release|Any CPU
		{35C82221-838E-4A8E-BBEC-193961345986}.Debug|Any CPU.ActiveCfg = Debug|Any CPU
		{35C82221-838E-4A8E-BBEC-193961345986}.Debug|Any CPU.Build.0 = Debug|Any CPU
		{35C82221-838E-4A8E-BBEC-193961345986}.Release|Any CPU.ActiveCfg = Release|Any CPU
		{35C82221-838E-4A8E-BBEC-193961345986}.Release|Any CPU.Build.0 = Release|Any CPU
		{5DDDE5F5-8717-46AB-9CC2-20FAFCC9BE03}.Debug|Any CPU.ActiveCfg = Debug|Any CPU
		{5DDDE5F5-8717-46AB-9CC2-20FAFCC9BE03}.Debug|Any CPU.Build.0 = Debug|Any CPU
		{5DDDE5F5-8717-46AB-9CC2-20FAFCC9BE03}.Release|Any CPU.ActiveCfg = Release|Any CPU
		{5DDDE5F5-8717-46AB-9CC2-20FAFCC9BE03}.Release|Any CPU.Build.0 = Release|Any CPU
		{904056A9-AAD7-4F79-994A-3CF182EB8439}.Debug|Any CPU.ActiveCfg = Debug|Any CPU
		{904056A9-AAD7-4F79-994A-3CF182EB8439}.Debug|Any CPU.Build.0 = Debug|Any CPU
		{904056A9-AAD7-4F79-994A-3CF182EB8439}.Release|Any CPU.ActiveCfg = Release|Any CPU
		{904056A9-AAD7-4F79-994A-3CF182EB8439}.Release|Any CPU.Build.0 = Release|Any CPU
		{54D9AD2E-678F-4B79-948D-3D66B4A9B8CE}.Debug|Any CPU.ActiveCfg = Debug|Any CPU
		{54D9AD2E-678F-4B79-948D-3D66B4A9B8CE}.Debug|Any CPU.Build.0 = Debug|Any CPU
		{54D9AD2E-678F-4B79-948D-3D66B4A9B8CE}.Release|Any CPU.ActiveCfg = Release|Any CPU
		{54D9AD2E-678F-4B79-948D-3D66B4A9B8CE}.Release|Any CPU.Build.0 = Release|Any CPU
		{E84BA809-8363-470C-9427-2DEADE2CDB6A}.Debug|Any CPU.ActiveCfg = Debug|Any CPU
		{E84BA809-8363-470C-9427-2DEADE2CDB6A}.Debug|Any CPU.Build.0 = Debug|Any CPU
		{E84BA809-8363-470C-9427-2DEADE2CDB6A}.Release|Any CPU.ActiveCfg = Release|Any CPU
		{E84BA809-8363-470C-9427-2DEADE2CDB6A}.Release|Any CPU.Build.0 = Release|Any CPU
		{A70717C0-B31A-4CBE-A8D8-6FCCC244997A}.Debug|Any CPU.ActiveCfg = Debug|Any CPU
		{A70717C0-B31A-4CBE-A8D8-6FCCC244997A}.Debug|Any CPU.Build.0 = Debug|Any CPU
		{A70717C0-B31A-4CBE-A8D8-6FCCC244997A}.Release|Any CPU.ActiveCfg = Release|Any CPU
		{A70717C0-B31A-4CBE-A8D8-6FCCC244997A}.Release|Any CPU.Build.0 = Release|Any CPU
		{F68DF0EF-283D-42D7-9CB1-572CFEB3DE18}.Debug|Any CPU.ActiveCfg = Debug|Any CPU
		{F68DF0EF-283D-42D7-9CB1-572CFEB3DE18}.Debug|Any CPU.Build.0 = Debug|Any CPU
		{F68DF0EF-283D-42D7-9CB1-572CFEB3DE18}.Release|Any CPU.ActiveCfg = Release|Any CPU
		{F68DF0EF-283D-42D7-9CB1-572CFEB3DE18}.Release|Any CPU.Build.0 = Release|Any CPU
		{49C290E2-BC94-423A-AA7D-061CC2C42AD9}.Debug|Any CPU.ActiveCfg = Debug|Any CPU
		{49C290E2-BC94-423A-AA7D-061CC2C42AD9}.Debug|Any CPU.Build.0 = Debug|Any CPU
		{49C290E2-BC94-423A-AA7D-061CC2C42AD9}.Release|Any CPU.ActiveCfg = Release|Any CPU
		{49C290E2-BC94-423A-AA7D-061CC2C42AD9}.Release|Any CPU.Build.0 = Release|Any CPU
		{A4B07008-CCFF-4667-BB80-EC8B66FCBAEC}.Debug|Any CPU.ActiveCfg = Debug|Any CPU
		{A4B07008-CCFF-4667-BB80-EC8B66FCBAEC}.Debug|Any CPU.Build.0 = Debug|Any CPU
		{A4B07008-CCFF-4667-BB80-EC8B66FCBAEC}.Release|Any CPU.ActiveCfg = Release|Any CPU
		{A4B07008-CCFF-4667-BB80-EC8B66FCBAEC}.Release|Any CPU.Build.0 = Release|Any CPU
	EndGlobalSection
	GlobalSection(SolutionProperties) = preSolution
		HideSolutionNode = FALSE
	EndGlobalSection
	GlobalSection(ExtensibilityGlobals) = postSolution
		SolutionGuid = {12BA9691-79F4-4B9E-9210-3A468786C72C}
	EndGlobalSection
EndGlobal
