
Microsoft Visual Studio Solution File, Format Version 12.00
# Visual Studio Version 16
VisualStudioVersion = 16.0.30804.86
MinimumVisualStudioVersion = 10.0.40219.1
Project("{9A19103F-16F7-4668-BE54-9A1E7A4F7556}") = "01.ReverseStrings", "01.ReverseStrings\01.ReverseStrings.csproj", "{9A53BD83-A45C-42C6-A21B-9C5DB7CA973E}"
EndProject
Project("{9A19103F-16F7-4668-BE54-9A1E7A4F7556}") = "01.ReverseStrings1", "01.ReverseStrings1\01.ReverseStrings1.csproj", "{FAC03BC5-2B27-445A-A37D-7B88BEFF15C2}"
EndProject
Project("{9A19103F-16F7-4668-BE54-9A1E7A4F7556}") = "01.ReverseStrings2", "01.ReverseStrings2\01.ReverseStrings2.csproj", "{36699801-C389-47C6-A613-B00A466B9315}"
EndProject
Project("{FAE04EC0-301F-11D3-BF4B-00C04F79EFBC}") = "02.StackSum", "02.StackSum\02.StackSum.csproj", "{E1318185-1D6F-447F-B862-5F507BFC7854}"
EndProject
Global
	GlobalSection(SolutionConfigurationPlatforms) = preSolution
		Debug|Any CPU = Debug|Any CPU
		Release|Any CPU = Release|Any CPU
	EndGlobalSection
	GlobalSection(ProjectConfigurationPlatforms) = postSolution
		{9A53BD83-A45C-42C6-A21B-9C5DB7CA973E}.Debug|Any CPU.ActiveCfg = Debug|Any CPU
		{9A53BD83-A45C-42C6-A21B-9C5DB7CA973E}.Debug|Any CPU.Build.0 = Debug|Any CPU
		{9A53BD83-A45C-42C6-A21B-9C5DB7CA973E}.Release|Any CPU.ActiveCfg = Release|Any CPU
		{9A53BD83-A45C-42C6-A21B-9C5DB7CA973E}.Release|Any CPU.Build.0 = Release|Any CPU
		{FAC03BC5-2B27-445A-A37D-7B88BEFF15C2}.Debug|Any CPU.ActiveCfg = Debug|Any CPU
		{FAC03BC5-2B27-445A-A37D-7B88BEFF15C2}.Debug|Any CPU.Build.0 = Debug|Any CPU
		{FAC03BC5-2B27-445A-A37D-7B88BEFF15C2}.Release|Any CPU.ActiveCfg = Release|Any CPU
		{FAC03BC5-2B27-445A-A37D-7B88BEFF15C2}.Release|Any CPU.Build.0 = Release|Any CPU
		{36699801-C389-47C6-A613-B00A466B9315}.Debug|Any CPU.ActiveCfg = Debug|Any CPU
		{36699801-C389-47C6-A613-B00A466B9315}.Debug|Any CPU.Build.0 = Debug|Any CPU
		{36699801-C389-47C6-A613-B00A466B9315}.Release|Any CPU.ActiveCfg = Release|Any CPU
		{36699801-C389-47C6-A613-B00A466B9315}.Release|Any CPU.Build.0 = Release|Any CPU
		{E1318185-1D6F-447F-B862-5F507BFC7854}.Debug|Any CPU.ActiveCfg = Debug|Any CPU
		{E1318185-1D6F-447F-B862-5F507BFC7854}.Debug|Any CPU.Build.0 = Debug|Any CPU
		{E1318185-1D6F-447F-B862-5F507BFC7854}.Release|Any CPU.ActiveCfg = Release|Any CPU
		{E1318185-1D6F-447F-B862-5F507BFC7854}.Release|Any CPU.Build.0 = Release|Any CPU
	EndGlobalSection
	GlobalSection(SolutionProperties) = preSolution
		HideSolutionNode = FALSE
	EndGlobalSection
	GlobalSection(ExtensibilityGlobals) = postSolution
		SolutionGuid = {12BA9691-79F4-4B9E-9210-3A468786C72C}
	EndGlobalSection
EndGlobal
