
Microsoft Visual Studio Solution File, Format Version 12.00
# Visual Studio Version 16
VisualStudioVersion = 16.0.30907.101
MinimumVisualStudioVersion = 10.0.40219.1
Project("{9A19103F-16F7-4668-BE54-9A1E7A4F7556}") = "01.OddLines", "01.OddLines\01.OddLines.csproj", "{5D968A27-8294-471E-96D8-444C212BA897}"
EndProject
Project("{9A19103F-16F7-4668-BE54-9A1E7A4F7556}") = "01.OddLines1", "01.OddLines1\01.OddLines1.csproj", "{C56D8F60-9152-43A5-9F56-3E3AF70658B7}"
EndProject
Project("{FAE04EC0-301F-11D3-BF4B-00C04F79EFBC}") = "02.LineNumbers", "02.LineNumbers\02.LineNumbers.csproj", "{BB8E0509-6EAB-40C0-82A2-AB17F7F676BD}"
EndProject
Project("{FAE04EC0-301F-11D3-BF4B-00C04F79EFBC}") = "02.LineNumbers1", "02.LineNumbers1\02.LineNumbers1.csproj", "{6D441799-D087-47CC-AD59-DFEC7AA87898}"
EndProject
Project("{FAE04EC0-301F-11D3-BF4B-00C04F79EFBC}") = "03.WordCount", "03.WordCount\03.WordCount.csproj", "{3BD75606-B84B-4773-BE33-A584830F9E6E}"
EndProject
Project("{FAE04EC0-301F-11D3-BF4B-00C04F79EFBC}") = "03.WordCount1", "03.WordCount1\03.WordCount1.csproj", "{01F8E6EE-26DC-4F26-89D7-55DBB645BAF8}"
EndProject
Global
	GlobalSection(SolutionConfigurationPlatforms) = preSolution
		Debug|Any CPU = Debug|Any CPU
		Release|Any CPU = Release|Any CPU
	EndGlobalSection
	GlobalSection(ProjectConfigurationPlatforms) = postSolution
		{5D968A27-8294-471E-96D8-444C212BA897}.Debug|Any CPU.ActiveCfg = Debug|Any CPU
		{5D968A27-8294-471E-96D8-444C212BA897}.Debug|Any CPU.Build.0 = Debug|Any CPU
		{5D968A27-8294-471E-96D8-444C212BA897}.Release|Any CPU.ActiveCfg = Release|Any CPU
		{5D968A27-8294-471E-96D8-444C212BA897}.Release|Any CPU.Build.0 = Release|Any CPU
		{C56D8F60-9152-43A5-9F56-3E3AF70658B7}.Debug|Any CPU.ActiveCfg = Debug|Any CPU
		{C56D8F60-9152-43A5-9F56-3E3AF70658B7}.Debug|Any CPU.Build.0 = Debug|Any CPU
		{C56D8F60-9152-43A5-9F56-3E3AF70658B7}.Release|Any CPU.ActiveCfg = Release|Any CPU
		{C56D8F60-9152-43A5-9F56-3E3AF70658B7}.Release|Any CPU.Build.0 = Release|Any CPU
		{BB8E0509-6EAB-40C0-82A2-AB17F7F676BD}.Debug|Any CPU.ActiveCfg = Debug|Any CPU
		{BB8E0509-6EAB-40C0-82A2-AB17F7F676BD}.Debug|Any CPU.Build.0 = Debug|Any CPU
		{BB8E0509-6EAB-40C0-82A2-AB17F7F676BD}.Release|Any CPU.ActiveCfg = Release|Any CPU
		{BB8E0509-6EAB-40C0-82A2-AB17F7F676BD}.Release|Any CPU.Build.0 = Release|Any CPU
		{6D441799-D087-47CC-AD59-DFEC7AA87898}.Debug|Any CPU.ActiveCfg = Debug|Any CPU
		{6D441799-D087-47CC-AD59-DFEC7AA87898}.Debug|Any CPU.Build.0 = Debug|Any CPU
		{6D441799-D087-47CC-AD59-DFEC7AA87898}.Release|Any CPU.ActiveCfg = Release|Any CPU
		{6D441799-D087-47CC-AD59-DFEC7AA87898}.Release|Any CPU.Build.0 = Release|Any CPU
		{3BD75606-B84B-4773-BE33-A584830F9E6E}.Debug|Any CPU.ActiveCfg = Debug|Any CPU
		{3BD75606-B84B-4773-BE33-A584830F9E6E}.Debug|Any CPU.Build.0 = Debug|Any CPU
		{3BD75606-B84B-4773-BE33-A584830F9E6E}.Release|Any CPU.ActiveCfg = Release|Any CPU
		{3BD75606-B84B-4773-BE33-A584830F9E6E}.Release|Any CPU.Build.0 = Release|Any CPU
		{01F8E6EE-26DC-4F26-89D7-55DBB645BAF8}.Debug|Any CPU.ActiveCfg = Debug|Any CPU
		{01F8E6EE-26DC-4F26-89D7-55DBB645BAF8}.Debug|Any CPU.Build.0 = Debug|Any CPU
		{01F8E6EE-26DC-4F26-89D7-55DBB645BAF8}.Release|Any CPU.ActiveCfg = Release|Any CPU
		{01F8E6EE-26DC-4F26-89D7-55DBB645BAF8}.Release|Any CPU.Build.0 = Release|Any CPU
	EndGlobalSection
	GlobalSection(SolutionProperties) = preSolution
		HideSolutionNode = FALSE
	EndGlobalSection
	GlobalSection(ExtensibilityGlobals) = postSolution
		SolutionGuid = {4BA7F06E-336E-45C0-8721-16B1D7F3B90A}
	EndGlobalSection
EndGlobal
