
Microsoft Visual Studio Solution File, Format Version 12.00
# Visual Studio Version 16
VisualStudioVersion = 16.0.30907.101
MinimumVisualStudioVersion = 10.0.40219.1
Project("{9A19103F-16F7-4668-BE54-9A1E7A4F7556}") = "SoftUniParking", "10. SoftUni Parking\SoftUniParking.csproj", "{41D6D92C-F851-4117-AC33-F35C3A51D6A4}"
EndProject
Project("{9A19103F-16F7-4668-BE54-9A1E7A4F7556}") = "PokemonTrainer", "09. Pokemon Trainer\PokemonTrainer.csproj", "{86C88C06-B79F-410F-B06A-C556B74D23C1}"
EndProject
Project("{9A19103F-16F7-4668-BE54-9A1E7A4F7556}") = "CarSalesman", "08. Car Salesman\CarSalesman.csproj", "{5468FF05-578A-459E-973B-75067CFA65C5}"
EndProject
Project("{9A19103F-16F7-4668-BE54-9A1E7A4F7556}") = "RawData", "07. Raw Data\RawData.csproj", "{5AA9FC2B-51D6-41C4-BDC8-2B5219BAF83F}"
EndProject
Project("{9A19103F-16F7-4668-BE54-9A1E7A4F7556}") = "SpeedRacing", "06. Speed Racing\SpeedRacing.csproj", "{04111B42-1EB4-4BFA-9805-186A85ECE1E9}"
EndProject
Project("{9A19103F-16F7-4668-BE54-9A1E7A4F7556}") = "DateModifier", "05. Date Modifier\DateModifier.csproj", "{D67572F9-85AF-4BD3-B6D0-F0907F104B25}"
EndProject
Project("{9A19103F-16F7-4668-BE54-9A1E7A4F7556}") = "DefineClass", "01. Define a Class Person\DefineClass.csproj", "{36F7D3D5-EDBA-4651-8D41-F5DB2BAF9F61}"
EndProject
Project("{9A19103F-16F7-4668-BE54-9A1E7A4F7556}") = "CreatingConstructors", "02. Creating Constructors\CreatingConstructors.csproj", "{7209458B-6991-49BC-918A-A630091B0137}"
EndProject
Global
	GlobalSection(SolutionConfigurationPlatforms) = preSolution
		Debug|Any CPU = Debug|Any CPU
		Release|Any CPU = Release|Any CPU
	EndGlobalSection
	GlobalSection(ProjectConfigurationPlatforms) = postSolution
		{41D6D92C-F851-4117-AC33-F35C3A51D6A4}.Debug|Any CPU.ActiveCfg = Debug|Any CPU
		{41D6D92C-F851-4117-AC33-F35C3A51D6A4}.Debug|Any CPU.Build.0 = Debug|Any CPU
		{41D6D92C-F851-4117-AC33-F35C3A51D6A4}.Release|Any CPU.ActiveCfg = Release|Any CPU
		{41D6D92C-F851-4117-AC33-F35C3A51D6A4}.Release|Any CPU.Build.0 = Release|Any CPU
		{86C88C06-B79F-410F-B06A-C556B74D23C1}.Debug|Any CPU.ActiveCfg = Debug|Any CPU
		{86C88C06-B79F-410F-B06A-C556B74D23C1}.Debug|Any CPU.Build.0 = Debug|Any CPU
		{86C88C06-B79F-410F-B06A-C556B74D23C1}.Release|Any CPU.ActiveCfg = Release|Any CPU
		{86C88C06-B79F-410F-B06A-C556B74D23C1}.Release|Any CPU.Build.0 = Release|Any CPU
		{5468FF05-578A-459E-973B-75067CFA65C5}.Debug|Any CPU.ActiveCfg = Debug|Any CPU
		{5468FF05-578A-459E-973B-75067CFA65C5}.Debug|Any CPU.Build.0 = Debug|Any CPU
		{5468FF05-578A-459E-973B-75067CFA65C5}.Release|Any CPU.ActiveCfg = Release|Any CPU
		{5468FF05-578A-459E-973B-75067CFA65C5}.Release|Any CPU.Build.0 = Release|Any CPU
		{5AA9FC2B-51D6-41C4-BDC8-2B5219BAF83F}.Debug|Any CPU.ActiveCfg = Debug|Any CPU
		{5AA9FC2B-51D6-41C4-BDC8-2B5219BAF83F}.Debug|Any CPU.Build.0 = Debug|Any CPU
		{5AA9FC2B-51D6-41C4-BDC8-2B5219BAF83F}.Release|Any CPU.ActiveCfg = Release|Any CPU
		{5AA9FC2B-51D6-41C4-BDC8-2B5219BAF83F}.Release|Any CPU.Build.0 = Release|Any CPU
		{04111B42-1EB4-4BFA-9805-186A85ECE1E9}.Debug|Any CPU.ActiveCfg = Debug|Any CPU
		{04111B42-1EB4-4BFA-9805-186A85ECE1E9}.Debug|Any CPU.Build.0 = Debug|Any CPU
		{04111B42-1EB4-4BFA-9805-186A85ECE1E9}.Release|Any CPU.ActiveCfg = Release|Any CPU
		{04111B42-1EB4-4BFA-9805-186A85ECE1E9}.Release|Any CPU.Build.0 = Release|Any CPU
		{D67572F9-85AF-4BD3-B6D0-F0907F104B25}.Debug|Any CPU.ActiveCfg = Debug|Any CPU
		{D67572F9-85AF-4BD3-B6D0-F0907F104B25}.Debug|Any CPU.Build.0 = Debug|Any CPU
		{D67572F9-85AF-4BD3-B6D0-F0907F104B25}.Release|Any CPU.ActiveCfg = Release|Any CPU
		{D67572F9-85AF-4BD3-B6D0-F0907F104B25}.Release|Any CPU.Build.0 = Release|Any CPU
		{36F7D3D5-EDBA-4651-8D41-F5DB2BAF9F61}.Debug|Any CPU.ActiveCfg = Debug|Any CPU
		{36F7D3D5-EDBA-4651-8D41-F5DB2BAF9F61}.Debug|Any CPU.Build.0 = Debug|Any CPU
		{36F7D3D5-EDBA-4651-8D41-F5DB2BAF9F61}.Release|Any CPU.ActiveCfg = Release|Any CPU
		{36F7D3D5-EDBA-4651-8D41-F5DB2BAF9F61}.Release|Any CPU.Build.0 = Release|Any CPU
		{7209458B-6991-49BC-918A-A630091B0137}.Debug|Any CPU.ActiveCfg = Debug|Any CPU
		{7209458B-6991-49BC-918A-A630091B0137}.Debug|Any CPU.Build.0 = Debug|Any CPU
		{7209458B-6991-49BC-918A-A630091B0137}.Release|Any CPU.ActiveCfg = Release|Any CPU
		{7209458B-6991-49BC-918A-A630091B0137}.Release|Any CPU.Build.0 = Release|Any CPU
	EndGlobalSection
	GlobalSection(SolutionProperties) = preSolution
		HideSolutionNode = FALSE
	EndGlobalSection
	GlobalSection(ExtensibilityGlobals) = postSolution
		SolutionGuid = {E35C1604-00D9-4553-9959-7884EFCDB8F8}
	EndGlobalSection
EndGlobal
