
Microsoft Visual Studio Solution File, Format Version 12.00
# Visual Studio Version 16
VisualStudioVersion = 16.0.30907.101
MinimumVisualStudioVersion = 10.0.40219.1
Project("{FAE04EC0-301F-11D3-BF4B-00C04F79EFBC}") = "01.EvenLines", "01.EvenLines\01.EvenLines.csproj", "{DDC9139D-3456-4C23-BB60-C4E86EC13C83}"
EndProject
Project("{FAE04EC0-301F-11D3-BF4B-00C04F79EFBC}") = "01.EvenLines1", "01.EvenLines1\01.EvenLines1.csproj", "{4AAB3531-D6CA-4100-9B7D-40DF7ED5C3ED}"
EndProject
Global
	GlobalSection(SolutionConfigurationPlatforms) = preSolution
		Debug|Any CPU = Debug|Any CPU
		Release|Any CPU = Release|Any CPU
	EndGlobalSection
	GlobalSection(ProjectConfigurationPlatforms) = postSolution
		{DDC9139D-3456-4C23-BB60-C4E86EC13C83}.Debug|Any CPU.ActiveCfg = Debug|Any CPU
		{DDC9139D-3456-4C23-BB60-C4E86EC13C83}.Debug|Any CPU.Build.0 = Debug|Any CPU
		{DDC9139D-3456-4C23-BB60-C4E86EC13C83}.Release|Any CPU.ActiveCfg = Release|Any CPU
		{DDC9139D-3456-4C23-BB60-C4E86EC13C83}.Release|Any CPU.Build.0 = Release|Any CPU
		{4AAB3531-D6CA-4100-9B7D-40DF7ED5C3ED}.Debug|Any CPU.ActiveCfg = Debug|Any CPU
		{4AAB3531-D6CA-4100-9B7D-40DF7ED5C3ED}.Debug|Any CPU.Build.0 = Debug|Any CPU
		{4AAB3531-D6CA-4100-9B7D-40DF7ED5C3ED}.Release|Any CPU.ActiveCfg = Release|Any CPU
		{4AAB3531-D6CA-4100-9B7D-40DF7ED5C3ED}.Release|Any CPU.Build.0 = Release|Any CPU
	EndGlobalSection
	GlobalSection(SolutionProperties) = preSolution
		HideSolutionNode = FALSE
	EndGlobalSection
	GlobalSection(ExtensibilityGlobals) = postSolution
		SolutionGuid = {1CD07C26-6635-4DD7-AE4E-8F8AFA376B6E}
	EndGlobalSection
EndGlobal
