
Microsoft Visual Studio Solution File, Format Version 12.00
# Visual Studio Version 16
VisualStudioVersion = 16.0.30907.101
MinimumVisualStudioVersion = 10.0.40219.1
Project("{FAE04EC0-301F-11D3-BF4B-00C04F79EFBC}") = "01.EvenLines", "01.EvenLines\01.EvenLines.csproj", "{DDC9139D-3456-4C23-BB60-C4E86EC13C83}"
EndProject
Project("{FAE04EC0-301F-11D3-BF4B-00C04F79EFBC}") = "01.EvenLines1", "01.EvenLines1\01.EvenLines1.csproj", "{4AAB3531-D6CA-4100-9B7D-40DF7ED5C3ED}"
EndProject
Project("{FAE04EC0-301F-11D3-BF4B-00C04F79EFBC}") = "02.LineNumbers", "02.LineNumbers\02.LineNumbers.csproj", "{6FB3E6AF-2542-4B89-958D-E4EDC0F3D813}"
EndProject
Project("{FAE04EC0-301F-11D3-BF4B-00C04F79EFBC}") = "02.LineNumbers1", "02.LineNumbers1\02.LineNumbers1.csproj", "{36BB23EC-6F82-4B02-BEAF-5A45AD2B2FA7}"
EndProject
Project("{FAE04EC0-301F-11D3-BF4B-00C04F79EFBC}") = "02.LineNumbers2", "02.LineNumbers2\02.LineNumbers2.csproj", "{9FF970F1-6762-4FDA-9F09-59699DAE2036}"
EndProject
Project("{FAE04EC0-301F-11D3-BF4B-00C04F79EFBC}") = "02.LineNumbers3", "02.LineNumbers3\02.LineNumbers3.csproj", "{CE3E4F2C-C66F-4107-8E55-5FFC06E83F3B}"
EndProject
Project("{FAE04EC0-301F-11D3-BF4B-00C04F79EFBC}") = "03.WordCount", "03.WordCount\03.WordCount.csproj", "{15C79D00-4B7B-4A3A-98C6-870D4CF64F3B}"
EndProject
Project("{FAE04EC0-301F-11D3-BF4B-00C04F79EFBC}") = "03.WordCount1", "03.WordCount1\03.WordCount1.csproj", "{01853FD2-8C1B-4622-B917-5730BABB6BE4}"
EndProject
Project("{FAE04EC0-301F-11D3-BF4B-00C04F79EFBC}") = "04.CopyBinaryFile", "04.CopyBinaryFile\04.CopyBinaryFile.csproj", "{035BEA9D-17E9-4636-B7AA-3BA1379CAA55}"
EndProject
Project("{FAE04EC0-301F-11D3-BF4B-00C04F79EFBC}") = "04.CopyBinaryFile1", "04.CopyBinaryFile1\04.CopyBinaryFile1.csproj", "{78410F1D-3759-4EFD-A837-E20ABD4FCDBB}"
EndProject
Project("{FAE04EC0-301F-11D3-BF4B-00C04F79EFBC}") = "05.DirectoryTraversal", "05.DirectoryTraversal\05.DirectoryTraversal.csproj", "{14276845-A612-4E61-ADB5-8B7BB6EE215E}"
EndProject
Project("{FAE04EC0-301F-11D3-BF4B-00C04F79EFBC}") = "05.DirectoryTraversal1", "05.DirectoryTraversal1\05.DirectoryTraversal1.csproj", "{69150157-F4CC-43A0-8A0D-61F0335BC6F8}"
EndProject
Project("{FAE04EC0-301F-11D3-BF4B-00C04F79EFBC}") = "04.CopyBinaryFile2", "04.CopyBinaryFile2\04.CopyBinaryFile2.csproj", "{4D577FA5-CCE8-49A1-85A0-3A6F25B49731}"
EndProject
Project("{FAE04EC0-301F-11D3-BF4B-00C04F79EFBC}") = "06.ZipAndExtract", "06.ZipAndExtract\06.ZipAndExtract.csproj", "{1EBEAEDB-A1D4-457A-B7AE-A08FBA25111E}"
EndProject
Project("{FAE04EC0-301F-11D3-BF4B-00C04F79EFBC}") = "06.ZipAndExtract1", "06.ZipAndExtract1\06.ZipAndExtract1.csproj", "{6C4F40A9-DE77-4429-9B03-D3D6968BE688}"
EndProject
Project("{FAE04EC0-301F-11D3-BF4B-00C04F79EFBC}") = "06.ZipAndExtract2", "06.ZipAndExtract2\06.ZipAndExtract2.csproj", "{F4C9D17C-0470-4673-8E04-1C33D491B0E9}"
EndProject
Global
	GlobalSection(SolutionConfigurationPlatforms) = preSolution
		Debug|Any CPU = Debug|Any CPU
		Release|Any CPU = Release|Any CPU
	EndGlobalSection
	GlobalSection(ProjectConfigurationPlatforms) = postSolution
		{DDC9139D-3456-4C23-BB60-C4E86EC13C83}.Debug|Any CPU.ActiveCfg = Debug|Any CPU
		{DDC9139D-3456-4C23-BB60-C4E86EC13C83}.Debug|Any CPU.Build.0 = Debug|Any CPU
		{DDC9139D-3456-4C23-BB60-C4E86EC13C83}.Release|Any CPU.ActiveCfg = Release|Any CPU
		{DDC9139D-3456-4C23-BB60-C4E86EC13C83}.Release|Any CPU.Build.0 = Release|Any CPU
		{4AAB3531-D6CA-4100-9B7D-40DF7ED5C3ED}.Debug|Any CPU.ActiveCfg = Debug|Any CPU
		{4AAB3531-D6CA-4100-9B7D-40DF7ED5C3ED}.Debug|Any CPU.Build.0 = Debug|Any CPU
		{4AAB3531-D6CA-4100-9B7D-40DF7ED5C3ED}.Release|Any CPU.ActiveCfg = Release|Any CPU
		{4AAB3531-D6CA-4100-9B7D-40DF7ED5C3ED}.Release|Any CPU.Build.0 = Release|Any CPU
		{6FB3E6AF-2542-4B89-958D-E4EDC0F3D813}.Debug|Any CPU.ActiveCfg = Debug|Any CPU
		{6FB3E6AF-2542-4B89-958D-E4EDC0F3D813}.Debug|Any CPU.Build.0 = Debug|Any CPU
		{6FB3E6AF-2542-4B89-958D-E4EDC0F3D813}.Release|Any CPU.ActiveCfg = Release|Any CPU
		{6FB3E6AF-2542-4B89-958D-E4EDC0F3D813}.Release|Any CPU.Build.0 = Release|Any CPU
		{36BB23EC-6F82-4B02-BEAF-5A45AD2B2FA7}.Debug|Any CPU.ActiveCfg = Debug|Any CPU
		{36BB23EC-6F82-4B02-BEAF-5A45AD2B2FA7}.Debug|Any CPU.Build.0 = Debug|Any CPU
		{36BB23EC-6F82-4B02-BEAF-5A45AD2B2FA7}.Release|Any CPU.ActiveCfg = Release|Any CPU
		{36BB23EC-6F82-4B02-BEAF-5A45AD2B2FA7}.Release|Any CPU.Build.0 = Release|Any CPU
		{9FF970F1-6762-4FDA-9F09-59699DAE2036}.Debug|Any CPU.ActiveCfg = Debug|Any CPU
		{9FF970F1-6762-4FDA-9F09-59699DAE2036}.Debug|Any CPU.Build.0 = Debug|Any CPU
		{9FF970F1-6762-4FDA-9F09-59699DAE2036}.Release|Any CPU.ActiveCfg = Release|Any CPU
		{9FF970F1-6762-4FDA-9F09-59699DAE2036}.Release|Any CPU.Build.0 = Release|Any CPU
		{CE3E4F2C-C66F-4107-8E55-5FFC06E83F3B}.Debug|Any CPU.ActiveCfg = Debug|Any CPU
		{CE3E4F2C-C66F-4107-8E55-5FFC06E83F3B}.Debug|Any CPU.Build.0 = Debug|Any CPU
		{CE3E4F2C-C66F-4107-8E55-5FFC06E83F3B}.Release|Any CPU.ActiveCfg = Release|Any CPU
		{CE3E4F2C-C66F-4107-8E55-5FFC06E83F3B}.Release|Any CPU.Build.0 = Release|Any CPU
		{15C79D00-4B7B-4A3A-98C6-870D4CF64F3B}.Debug|Any CPU.ActiveCfg = Debug|Any CPU
		{15C79D00-4B7B-4A3A-98C6-870D4CF64F3B}.Debug|Any CPU.Build.0 = Debug|Any CPU
		{15C79D00-4B7B-4A3A-98C6-870D4CF64F3B}.Release|Any CPU.ActiveCfg = Release|Any CPU
		{15C79D00-4B7B-4A3A-98C6-870D4CF64F3B}.Release|Any CPU.Build.0 = Release|Any CPU
		{01853FD2-8C1B-4622-B917-5730BABB6BE4}.Debug|Any CPU.ActiveCfg = Debug|Any CPU
		{01853FD2-8C1B-4622-B917-5730BABB6BE4}.Debug|Any CPU.Build.0 = Debug|Any CPU
		{01853FD2-8C1B-4622-B917-5730BABB6BE4}.Release|Any CPU.ActiveCfg = Release|Any CPU
		{01853FD2-8C1B-4622-B917-5730BABB6BE4}.Release|Any CPU.Build.0 = Release|Any CPU
		{035BEA9D-17E9-4636-B7AA-3BA1379CAA55}.Debug|Any CPU.ActiveCfg = Debug|Any CPU
		{035BEA9D-17E9-4636-B7AA-3BA1379CAA55}.Debug|Any CPU.Build.0 = Debug|Any CPU
		{035BEA9D-17E9-4636-B7AA-3BA1379CAA55}.Release|Any CPU.ActiveCfg = Release|Any CPU
		{035BEA9D-17E9-4636-B7AA-3BA1379CAA55}.Release|Any CPU.Build.0 = Release|Any CPU
		{78410F1D-3759-4EFD-A837-E20ABD4FCDBB}.Debug|Any CPU.ActiveCfg = Debug|Any CPU
		{78410F1D-3759-4EFD-A837-E20ABD4FCDBB}.Debug|Any CPU.Build.0 = Debug|Any CPU
		{78410F1D-3759-4EFD-A837-E20ABD4FCDBB}.Release|Any CPU.ActiveCfg = Release|Any CPU
		{78410F1D-3759-4EFD-A837-E20ABD4FCDBB}.Release|Any CPU.Build.0 = Release|Any CPU
		{14276845-A612-4E61-ADB5-8B7BB6EE215E}.Debug|Any CPU.ActiveCfg = Debug|Any CPU
		{14276845-A612-4E61-ADB5-8B7BB6EE215E}.Debug|Any CPU.Build.0 = Debug|Any CPU
		{14276845-A612-4E61-ADB5-8B7BB6EE215E}.Release|Any CPU.ActiveCfg = Release|Any CPU
		{14276845-A612-4E61-ADB5-8B7BB6EE215E}.Release|Any CPU.Build.0 = Release|Any CPU
		{69150157-F4CC-43A0-8A0D-61F0335BC6F8}.Debug|Any CPU.ActiveCfg = Debug|Any CPU
		{69150157-F4CC-43A0-8A0D-61F0335BC6F8}.Debug|Any CPU.Build.0 = Debug|Any CPU
		{69150157-F4CC-43A0-8A0D-61F0335BC6F8}.Release|Any CPU.ActiveCfg = Release|Any CPU
		{69150157-F4CC-43A0-8A0D-61F0335BC6F8}.Release|Any CPU.Build.0 = Release|Any CPU
		{4D577FA5-CCE8-49A1-85A0-3A6F25B49731}.Debug|Any CPU.ActiveCfg = Debug|Any CPU
		{4D577FA5-CCE8-49A1-85A0-3A6F25B49731}.Debug|Any CPU.Build.0 = Debug|Any CPU
		{4D577FA5-CCE8-49A1-85A0-3A6F25B49731}.Release|Any CPU.ActiveCfg = Release|Any CPU
		{4D577FA5-CCE8-49A1-85A0-3A6F25B49731}.Release|Any CPU.Build.0 = Release|Any CPU
		{1EBEAEDB-A1D4-457A-B7AE-A08FBA25111E}.Debug|Any CPU.ActiveCfg = Debug|Any CPU
		{1EBEAEDB-A1D4-457A-B7AE-A08FBA25111E}.Debug|Any CPU.Build.0 = Debug|Any CPU
		{1EBEAEDB-A1D4-457A-B7AE-A08FBA25111E}.Release|Any CPU.ActiveCfg = Release|Any CPU
		{1EBEAEDB-A1D4-457A-B7AE-A08FBA25111E}.Release|Any CPU.Build.0 = Release|Any CPU
		{6C4F40A9-DE77-4429-9B03-D3D6968BE688}.Debug|Any CPU.ActiveCfg = Debug|Any CPU
		{6C4F40A9-DE77-4429-9B03-D3D6968BE688}.Debug|Any CPU.Build.0 = Debug|Any CPU
		{6C4F40A9-DE77-4429-9B03-D3D6968BE688}.Release|Any CPU.ActiveCfg = Release|Any CPU
		{6C4F40A9-DE77-4429-9B03-D3D6968BE688}.Release|Any CPU.Build.0 = Release|Any CPU
		{F4C9D17C-0470-4673-8E04-1C33D491B0E9}.Debug|Any CPU.ActiveCfg = Debug|Any CPU
		{F4C9D17C-0470-4673-8E04-1C33D491B0E9}.Debug|Any CPU.Build.0 = Debug|Any CPU
		{F4C9D17C-0470-4673-8E04-1C33D491B0E9}.Release|Any CPU.ActiveCfg = Release|Any CPU
		{F4C9D17C-0470-4673-8E04-1C33D491B0E9}.Release|Any CPU.Build.0 = Release|Any CPU
	EndGlobalSection
	GlobalSection(SolutionProperties) = preSolution
		HideSolutionNode = FALSE
	EndGlobalSection
	GlobalSection(ExtensibilityGlobals) = postSolution
		SolutionGuid = {1CD07C26-6635-4DD7-AE4E-8F8AFA376B6E}
	EndGlobalSection
EndGlobal
