
Microsoft Visual Studio Solution File, Format Version 12.00
# Visual Studio Version 16
VisualStudioVersion = 16.0.30804.86
MinimumVisualStudioVersion = 10.0.40219.1
Project("{9A19103F-16F7-4668-BE54-9A1E7A4F7556}") = "01.SumMatrixElements", "01.SumMatrixElements\01.SumMatrixElements.csproj", "{395FB61E-8E39-4E8E-9404-208B78FADB18}"
EndProject
Project("{9A19103F-16F7-4668-BE54-9A1E7A4F7556}") = "01.SumMatrixElements1", "01.SumMatrixElements1\01.SumMatrixElements1.csproj", "{CE65F511-059E-40C2-BC29-DD707488DF27}"
EndProject
Project("{9A19103F-16F7-4668-BE54-9A1E7A4F7556}") = "02.SumMatrixColumns", "02.SumMatrixColumns\02.SumMatrixColumns.csproj", "{86E40E91-EDD6-4643-AD61-5F24B6FD714C}"
EndProject
Project("{9A19103F-16F7-4668-BE54-9A1E7A4F7556}") = "02.SumMatrixColumns1", "02.SumMatrixColumns1\02.SumMatrixColumns1.csproj", "{18144CF3-F7C7-42BC-857E-92F1046B3726}"
EndProject
Project("{9A19103F-16F7-4668-BE54-9A1E7A4F7556}") = "03.PrimaryDiagonal", "03.PrimaryDiagonal\03.PrimaryDiagonal.csproj", "{94806349-ECA8-4A9F-A578-7B03A3342E14}"
EndProject
Project("{9A19103F-16F7-4668-BE54-9A1E7A4F7556}") = "03.PrimaryDiagonal1", "03.PrimaryDiagonal1\03.PrimaryDiagonal1.csproj", "{B1F696AF-F966-4722-A332-3CB7DF098B6F}"
EndProject
Project("{9A19103F-16F7-4668-BE54-9A1E7A4F7556}") = "04.SymbolInMatrix", "04.SymbolInMatrix\04.SymbolInMatrix.csproj", "{CB80A419-2CD0-4F24-9532-D63AC6C7660D}"
EndProject
Project("{9A19103F-16F7-4668-BE54-9A1E7A4F7556}") = "04.SymbolInMatrix1", "04.SymbolInMatrix1\04.SymbolInMatrix1.csproj", "{D4825C1D-38E0-4453-8479-E8212B665C9A}"
EndProject
Project("{9A19103F-16F7-4668-BE54-9A1E7A4F7556}") = "05.SquareWithMaximumSum", "05.SquareWithMaximumSum\05.SquareWithMaximumSum.csproj", "{62ACF0FE-A517-4ED6-9EB2-B89486E22CD7}"
EndProject
Project("{9A19103F-16F7-4668-BE54-9A1E7A4F7556}") = "05.SquareWithMaximumSum1", "05.SquareWithMaximumSum1\05.SquareWithMaximumSum1.csproj", "{1397EFAA-199F-48E4-9D1A-DACB37CDF3B3}"
EndProject
Project("{9A19103F-16F7-4668-BE54-9A1E7A4F7556}") = "06.Jagged-ArrayModification", "06.Jagged-ArrayModification\06.Jagged-ArrayModification.csproj", "{68678657-5D7B-4332-9B7D-B2CD7F8D3EB7}"
EndProject
Project("{9A19103F-16F7-4668-BE54-9A1E7A4F7556}") = "06.Jagged-ArrayModification1", "06.Jagged-ArrayModification1\06.Jagged-ArrayModification1.csproj", "{9D65E904-1306-45F5-94CD-D07FE7F07886}"
EndProject
Project("{9A19103F-16F7-4668-BE54-9A1E7A4F7556}") = "07.PascalTriangle", "07.PascalTriangle\07.PascalTriangle.csproj", "{CF041862-24A2-4F14-8C3C-380BADBFB938}"
EndProject
Project("{FAE04EC0-301F-11D3-BF4B-00C04F79EFBC}") = "07.PascalTriangle1", "07.PascalTriangle1\07.PascalTriangle1.csproj", "{BCCBBAAB-0043-4E6A-B63D-43956EC071D6}"
EndProject
Global
	GlobalSection(SolutionConfigurationPlatforms) = preSolution
		Debug|Any CPU = Debug|Any CPU
		Release|Any CPU = Release|Any CPU
	EndGlobalSection
	GlobalSection(ProjectConfigurationPlatforms) = postSolution
		{395FB61E-8E39-4E8E-9404-208B78FADB18}.Debug|Any CPU.ActiveCfg = Debug|Any CPU
		{395FB61E-8E39-4E8E-9404-208B78FADB18}.Debug|Any CPU.Build.0 = Debug|Any CPU
		{395FB61E-8E39-4E8E-9404-208B78FADB18}.Release|Any CPU.ActiveCfg = Release|Any CPU
		{395FB61E-8E39-4E8E-9404-208B78FADB18}.Release|Any CPU.Build.0 = Release|Any CPU
		{CE65F511-059E-40C2-BC29-DD707488DF27}.Debug|Any CPU.ActiveCfg = Debug|Any CPU
		{CE65F511-059E-40C2-BC29-DD707488DF27}.Debug|Any CPU.Build.0 = Debug|Any CPU
		{CE65F511-059E-40C2-BC29-DD707488DF27}.Release|Any CPU.ActiveCfg = Release|Any CPU
		{CE65F511-059E-40C2-BC29-DD707488DF27}.Release|Any CPU.Build.0 = Release|Any CPU
		{86E40E91-EDD6-4643-AD61-5F24B6FD714C}.Debug|Any CPU.ActiveCfg = Debug|Any CPU
		{86E40E91-EDD6-4643-AD61-5F24B6FD714C}.Debug|Any CPU.Build.0 = Debug|Any CPU
		{86E40E91-EDD6-4643-AD61-5F24B6FD714C}.Release|Any CPU.ActiveCfg = Release|Any CPU
		{86E40E91-EDD6-4643-AD61-5F24B6FD714C}.Release|Any CPU.Build.0 = Release|Any CPU
		{18144CF3-F7C7-42BC-857E-92F1046B3726}.Debug|Any CPU.ActiveCfg = Debug|Any CPU
		{18144CF3-F7C7-42BC-857E-92F1046B3726}.Debug|Any CPU.Build.0 = Debug|Any CPU
		{18144CF3-F7C7-42BC-857E-92F1046B3726}.Release|Any CPU.ActiveCfg = Release|Any CPU
		{18144CF3-F7C7-42BC-857E-92F1046B3726}.Release|Any CPU.Build.0 = Release|Any CPU
		{94806349-ECA8-4A9F-A578-7B03A3342E14}.Debug|Any CPU.ActiveCfg = Debug|Any CPU
		{94806349-ECA8-4A9F-A578-7B03A3342E14}.Debug|Any CPU.Build.0 = Debug|Any CPU
		{94806349-ECA8-4A9F-A578-7B03A3342E14}.Release|Any CPU.ActiveCfg = Release|Any CPU
		{94806349-ECA8-4A9F-A578-7B03A3342E14}.Release|Any CPU.Build.0 = Release|Any CPU
		{B1F696AF-F966-4722-A332-3CB7DF098B6F}.Debug|Any CPU.ActiveCfg = Debug|Any CPU
		{B1F696AF-F966-4722-A332-3CB7DF098B6F}.Debug|Any CPU.Build.0 = Debug|Any CPU
		{B1F696AF-F966-4722-A332-3CB7DF098B6F}.Release|Any CPU.ActiveCfg = Release|Any CPU
		{B1F696AF-F966-4722-A332-3CB7DF098B6F}.Release|Any CPU.Build.0 = Release|Any CPU
		{CB80A419-2CD0-4F24-9532-D63AC6C7660D}.Debug|Any CPU.ActiveCfg = Debug|Any CPU
		{CB80A419-2CD0-4F24-9532-D63AC6C7660D}.Debug|Any CPU.Build.0 = Debug|Any CPU
		{CB80A419-2CD0-4F24-9532-D63AC6C7660D}.Release|Any CPU.ActiveCfg = Release|Any CPU
		{CB80A419-2CD0-4F24-9532-D63AC6C7660D}.Release|Any CPU.Build.0 = Release|Any CPU
		{D4825C1D-38E0-4453-8479-E8212B665C9A}.Debug|Any CPU.ActiveCfg = Debug|Any CPU
		{D4825C1D-38E0-4453-8479-E8212B665C9A}.Debug|Any CPU.Build.0 = Debug|Any CPU
		{D4825C1D-38E0-4453-8479-E8212B665C9A}.Release|Any CPU.ActiveCfg = Release|Any CPU
		{D4825C1D-38E0-4453-8479-E8212B665C9A}.Release|Any CPU.Build.0 = Release|Any CPU
		{62ACF0FE-A517-4ED6-9EB2-B89486E22CD7}.Debug|Any CPU.ActiveCfg = Debug|Any CPU
		{62ACF0FE-A517-4ED6-9EB2-B89486E22CD7}.Debug|Any CPU.Build.0 = Debug|Any CPU
		{62ACF0FE-A517-4ED6-9EB2-B89486E22CD7}.Release|Any CPU.ActiveCfg = Release|Any CPU
		{62ACF0FE-A517-4ED6-9EB2-B89486E22CD7}.Release|Any CPU.Build.0 = Release|Any CPU
		{1397EFAA-199F-48E4-9D1A-DACB37CDF3B3}.Debug|Any CPU.ActiveCfg = Debug|Any CPU
		{1397EFAA-199F-48E4-9D1A-DACB37CDF3B3}.Debug|Any CPU.Build.0 = Debug|Any CPU
		{1397EFAA-199F-48E4-9D1A-DACB37CDF3B3}.Release|Any CPU.ActiveCfg = Release|Any CPU
		{1397EFAA-199F-48E4-9D1A-DACB37CDF3B3}.Release|Any CPU.Build.0 = Release|Any CPU
		{68678657-5D7B-4332-9B7D-B2CD7F8D3EB7}.Debug|Any CPU.ActiveCfg = Debug|Any CPU
		{68678657-5D7B-4332-9B7D-B2CD7F8D3EB7}.Debug|Any CPU.Build.0 = Debug|Any CPU
		{68678657-5D7B-4332-9B7D-B2CD7F8D3EB7}.Release|Any CPU.ActiveCfg = Release|Any CPU
		{68678657-5D7B-4332-9B7D-B2CD7F8D3EB7}.Release|Any CPU.Build.0 = Release|Any CPU
		{9D65E904-1306-45F5-94CD-D07FE7F07886}.Debug|Any CPU.ActiveCfg = Debug|Any CPU
		{9D65E904-1306-45F5-94CD-D07FE7F07886}.Debug|Any CPU.Build.0 = Debug|Any CPU
		{9D65E904-1306-45F5-94CD-D07FE7F07886}.Release|Any CPU.ActiveCfg = Release|Any CPU
		{9D65E904-1306-45F5-94CD-D07FE7F07886}.Release|Any CPU.Build.0 = Release|Any CPU
		{CF041862-24A2-4F14-8C3C-380BADBFB938}.Debug|Any CPU.ActiveCfg = Debug|Any CPU
		{CF041862-24A2-4F14-8C3C-380BADBFB938}.Debug|Any CPU.Build.0 = Debug|Any CPU
		{CF041862-24A2-4F14-8C3C-380BADBFB938}.Release|Any CPU.ActiveCfg = Release|Any CPU
		{CF041862-24A2-4F14-8C3C-380BADBFB938}.Release|Any CPU.Build.0 = Release|Any CPU
		{BCCBBAAB-0043-4E6A-B63D-43956EC071D6}.Debug|Any CPU.ActiveCfg = Debug|Any CPU
		{BCCBBAAB-0043-4E6A-B63D-43956EC071D6}.Debug|Any CPU.Build.0 = Debug|Any CPU
		{BCCBBAAB-0043-4E6A-B63D-43956EC071D6}.Release|Any CPU.ActiveCfg = Release|Any CPU
		{BCCBBAAB-0043-4E6A-B63D-43956EC071D6}.Release|Any CPU.Build.0 = Release|Any CPU
	EndGlobalSection
	GlobalSection(SolutionProperties) = preSolution
		HideSolutionNode = FALSE
	EndGlobalSection
	GlobalSection(ExtensibilityGlobals) = postSolution
		SolutionGuid = {09CF014C-F52D-4FC6-AE93-DF90DA649BAF}
	EndGlobalSection
EndGlobal
