
Microsoft Visual Studio Solution File, Format Version 12.00
# Visual Studio Version 16
VisualStudioVersion = 16.0.30907.101
MinimumVisualStudioVersion = 10.0.40219.1
Project("{FAE04EC0-301F-11D3-BF4B-00C04F79EFBC}") = "01.ActionPrint", "01.ActionPrint\01.ActionPrint.csproj", "{DC0445F0-63A3-47E0-B31A-68053CAD883F}"
EndProject
Project("{FAE04EC0-301F-11D3-BF4B-00C04F79EFBC}") = "01.ActionPrint1", "01.ActionPrint1\01.ActionPrint1.csproj", "{943FB617-0A93-4000-821B-127D79B79B85}"
EndProject
Project("{FAE04EC0-301F-11D3-BF4B-00C04F79EFBC}") = "02.KnightsofHonor", "02.KnightsofHonor\02.KnightsofHonor.csproj", "{98EE4FCC-C4AC-4C3E-A67F-8BD33EB79A45}"
EndProject
Project("{FAE04EC0-301F-11D3-BF4B-00C04F79EFBC}") = "02.KnightsofHonor1", "02.KnightsofHonor1\02.KnightsofHonor1.csproj", "{AC1CB171-E27F-4684-938D-37F37848CC48}"
EndProject
Project("{FAE04EC0-301F-11D3-BF4B-00C04F79EFBC}") = "03.CustomMinFunction", "03.CustomMinFunction\03.CustomMinFunction.csproj", "{B3FD61FB-20AF-4297-A4E0-A72C4407CC2E}"
EndProject
Project("{FAE04EC0-301F-11D3-BF4B-00C04F79EFBC}") = "03.CustomMinFunction1", "03.CustomMinFunction1\03.CustomMinFunction1.csproj", "{241AE3D8-95F3-415C-9347-AD3DBE4E6FDB}"
EndProject
Project("{FAE04EC0-301F-11D3-BF4B-00C04F79EFBC}") = "04.FindEvensorOdds", "04.FindEvensorOdds\04.FindEvensorOdds.csproj", "{182895B8-06EC-47D8-B7BB-175E8F6A72E7}"
EndProject
Project("{FAE04EC0-301F-11D3-BF4B-00C04F79EFBC}") = "04.FindEvensorOdds1", "04.FindEvensorOdds1\04.FindEvensorOdds1.csproj", "{F84CC50B-6E7C-424F-B787-3E476555342A}"
EndProject
Project("{FAE04EC0-301F-11D3-BF4B-00C04F79EFBC}") = "05.AppliedArithmetics", "05.AppliedArithmetics\05.AppliedArithmetics.csproj", "{9427B778-B9D1-4846-9905-440ECCB9FA4D}"
EndProject
Project("{FAE04EC0-301F-11D3-BF4B-00C04F79EFBC}") = "05.AppliedArithmetics1", "05.AppliedArithmetics1\05.AppliedArithmetics1.csproj", "{4887DE90-9B40-42D9-B609-71A7E49EC565}"
EndProject
Project("{FAE04EC0-301F-11D3-BF4B-00C04F79EFBC}") = "06.ReverseAndExclude", "06.ReverseAndExclude\06.ReverseAndExclude.csproj", "{FBED709A-35DB-46BA-BE8A-44CB28FE4237}"
EndProject
Project("{FAE04EC0-301F-11D3-BF4B-00C04F79EFBC}") = "06.ReverseAndExclude1", "06.ReverseAndExclude1\06.ReverseAndExclude1.csproj", "{C832E350-A0AB-42B0-91A1-72B987CF1EED}"
EndProject
Project("{FAE04EC0-301F-11D3-BF4B-00C04F79EFBC}") = "07.PredicateForNames", "07.PredicateForNames\07.PredicateForNames.csproj", "{B3224058-E12D-47E5-BF56-B7FB595025AA}"
EndProject
Project("{FAE04EC0-301F-11D3-BF4B-00C04F79EFBC}") = "07.PredicateForNames1", "07.PredicateForNames1\07.PredicateForNames1.csproj", "{6420BDCC-CE81-4FAC-A18C-91415EBC737B}"
EndProject
Project("{FAE04EC0-301F-11D3-BF4B-00C04F79EFBC}") = "08.CustomComparator", "08.CustomComparator\08.CustomComparator.csproj", "{410C76E5-EBB7-4AA5-BAA4-8F38521EE5CB}"
EndProject
Project("{FAE04EC0-301F-11D3-BF4B-00C04F79EFBC}") = "08.CustomComparator1", "08.CustomComparator1\08.CustomComparator1.csproj", "{EEBA5596-4F7E-4E9C-9399-5DE1356C7C72}"
EndProject
Project("{FAE04EC0-301F-11D3-BF4B-00C04F79EFBC}") = "09.ListOfPredicates", "09.ListOfPredicates\09.ListOfPredicates.csproj", "{EE697575-5264-4B0A-8EC0-9668885F1959}"
EndProject
Project("{FAE04EC0-301F-11D3-BF4B-00C04F79EFBC}") = "09.ListOfPredicates1", "09.ListOfPredicates1\09.ListOfPredicates1.csproj", "{3409298E-D153-4CB2-84CE-992E2A1AE345}"
EndProject
Project("{FAE04EC0-301F-11D3-BF4B-00C04F79EFBC}") = "10.PredicateParty", "10.PredicateParty!\10.PredicateParty.csproj", "{1B78F00F-4158-44E3-B8E6-82FC7EEB6D44}"
EndProject
Project("{FAE04EC0-301F-11D3-BF4B-00C04F79EFBC}") = "10.PredicateParty1", "10.PredicateParty1\10.PredicateParty1.csproj", "{C0609243-52B0-4EB2-B9BB-229C3F52E814}"
EndProject
Project("{FAE04EC0-301F-11D3-BF4B-00C04F79EFBC}") = "11.ThePartyReservationFilterModule", "11.ThePartyReservationFilterModule\11.ThePartyReservationFilterModule.csproj", "{CF405EA6-3B68-43E1-92F9-B47094A0E40C}"
EndProject
Project("{FAE04EC0-301F-11D3-BF4B-00C04F79EFBC}") = "11.ThePartyReservationFilterModule1", "11.ThePartyReservationFilterModule1\11.ThePartyReservationFilterModule1.csproj", "{4D28FFDE-719C-49DC-9163-41A472C2C591}"
EndProject
Global
	GlobalSection(SolutionConfigurationPlatforms) = preSolution
		Debug|Any CPU = Debug|Any CPU
		Release|Any CPU = Release|Any CPU
	EndGlobalSection
	GlobalSection(ProjectConfigurationPlatforms) = postSolution
		{DC0445F0-63A3-47E0-B31A-68053CAD883F}.Debug|Any CPU.ActiveCfg = Debug|Any CPU
		{DC0445F0-63A3-47E0-B31A-68053CAD883F}.Debug|Any CPU.Build.0 = Debug|Any CPU
		{DC0445F0-63A3-47E0-B31A-68053CAD883F}.Release|Any CPU.ActiveCfg = Release|Any CPU
		{DC0445F0-63A3-47E0-B31A-68053CAD883F}.Release|Any CPU.Build.0 = Release|Any CPU
		{943FB617-0A93-4000-821B-127D79B79B85}.Debug|Any CPU.ActiveCfg = Debug|Any CPU
		{943FB617-0A93-4000-821B-127D79B79B85}.Debug|Any CPU.Build.0 = Debug|Any CPU
		{943FB617-0A93-4000-821B-127D79B79B85}.Release|Any CPU.ActiveCfg = Release|Any CPU
		{943FB617-0A93-4000-821B-127D79B79B85}.Release|Any CPU.Build.0 = Release|Any CPU
		{98EE4FCC-C4AC-4C3E-A67F-8BD33EB79A45}.Debug|Any CPU.ActiveCfg = Debug|Any CPU
		{98EE4FCC-C4AC-4C3E-A67F-8BD33EB79A45}.Debug|Any CPU.Build.0 = Debug|Any CPU
		{98EE4FCC-C4AC-4C3E-A67F-8BD33EB79A45}.Release|Any CPU.ActiveCfg = Release|Any CPU
		{98EE4FCC-C4AC-4C3E-A67F-8BD33EB79A45}.Release|Any CPU.Build.0 = Release|Any CPU
		{AC1CB171-E27F-4684-938D-37F37848CC48}.Debug|Any CPU.ActiveCfg = Debug|Any CPU
		{AC1CB171-E27F-4684-938D-37F37848CC48}.Debug|Any CPU.Build.0 = Debug|Any CPU
		{AC1CB171-E27F-4684-938D-37F37848CC48}.Release|Any CPU.ActiveCfg = Release|Any CPU
		{AC1CB171-E27F-4684-938D-37F37848CC48}.Release|Any CPU.Build.0 = Release|Any CPU
		{B3FD61FB-20AF-4297-A4E0-A72C4407CC2E}.Debug|Any CPU.ActiveCfg = Debug|Any CPU
		{B3FD61FB-20AF-4297-A4E0-A72C4407CC2E}.Debug|Any CPU.Build.0 = Debug|Any CPU
		{B3FD61FB-20AF-4297-A4E0-A72C4407CC2E}.Release|Any CPU.ActiveCfg = Release|Any CPU
		{B3FD61FB-20AF-4297-A4E0-A72C4407CC2E}.Release|Any CPU.Build.0 = Release|Any CPU
		{241AE3D8-95F3-415C-9347-AD3DBE4E6FDB}.Debug|Any CPU.ActiveCfg = Debug|Any CPU
		{241AE3D8-95F3-415C-9347-AD3DBE4E6FDB}.Debug|Any CPU.Build.0 = Debug|Any CPU
		{241AE3D8-95F3-415C-9347-AD3DBE4E6FDB}.Release|Any CPU.ActiveCfg = Release|Any CPU
		{241AE3D8-95F3-415C-9347-AD3DBE4E6FDB}.Release|Any CPU.Build.0 = Release|Any CPU
		{182895B8-06EC-47D8-B7BB-175E8F6A72E7}.Debug|Any CPU.ActiveCfg = Debug|Any CPU
		{182895B8-06EC-47D8-B7BB-175E8F6A72E7}.Debug|Any CPU.Build.0 = Debug|Any CPU
		{182895B8-06EC-47D8-B7BB-175E8F6A72E7}.Release|Any CPU.ActiveCfg = Release|Any CPU
		{182895B8-06EC-47D8-B7BB-175E8F6A72E7}.Release|Any CPU.Build.0 = Release|Any CPU
		{F84CC50B-6E7C-424F-B787-3E476555342A}.Debug|Any CPU.ActiveCfg = Debug|Any CPU
		{F84CC50B-6E7C-424F-B787-3E476555342A}.Debug|Any CPU.Build.0 = Debug|Any CPU
		{F84CC50B-6E7C-424F-B787-3E476555342A}.Release|Any CPU.ActiveCfg = Release|Any CPU
		{F84CC50B-6E7C-424F-B787-3E476555342A}.Release|Any CPU.Build.0 = Release|Any CPU
		{9427B778-B9D1-4846-9905-440ECCB9FA4D}.Debug|Any CPU.ActiveCfg = Debug|Any CPU
		{9427B778-B9D1-4846-9905-440ECCB9FA4D}.Debug|Any CPU.Build.0 = Debug|Any CPU
		{9427B778-B9D1-4846-9905-440ECCB9FA4D}.Release|Any CPU.ActiveCfg = Release|Any CPU
		{9427B778-B9D1-4846-9905-440ECCB9FA4D}.Release|Any CPU.Build.0 = Release|Any CPU
		{4887DE90-9B40-42D9-B609-71A7E49EC565}.Debug|Any CPU.ActiveCfg = Debug|Any CPU
		{4887DE90-9B40-42D9-B609-71A7E49EC565}.Debug|Any CPU.Build.0 = Debug|Any CPU
		{4887DE90-9B40-42D9-B609-71A7E49EC565}.Release|Any CPU.ActiveCfg = Release|Any CPU
		{4887DE90-9B40-42D9-B609-71A7E49EC565}.Release|Any CPU.Build.0 = Release|Any CPU
		{FBED709A-35DB-46BA-BE8A-44CB28FE4237}.Debug|Any CPU.ActiveCfg = Debug|Any CPU
		{FBED709A-35DB-46BA-BE8A-44CB28FE4237}.Debug|Any CPU.Build.0 = Debug|Any CPU
		{FBED709A-35DB-46BA-BE8A-44CB28FE4237}.Release|Any CPU.ActiveCfg = Release|Any CPU
		{FBED709A-35DB-46BA-BE8A-44CB28FE4237}.Release|Any CPU.Build.0 = Release|Any CPU
		{C832E350-A0AB-42B0-91A1-72B987CF1EED}.Debug|Any CPU.ActiveCfg = Debug|Any CPU
		{C832E350-A0AB-42B0-91A1-72B987CF1EED}.Debug|Any CPU.Build.0 = Debug|Any CPU
		{C832E350-A0AB-42B0-91A1-72B987CF1EED}.Release|Any CPU.ActiveCfg = Release|Any CPU
		{C832E350-A0AB-42B0-91A1-72B987CF1EED}.Release|Any CPU.Build.0 = Release|Any CPU
		{B3224058-E12D-47E5-BF56-B7FB595025AA}.Debug|Any CPU.ActiveCfg = Debug|Any CPU
		{B3224058-E12D-47E5-BF56-B7FB595025AA}.Debug|Any CPU.Build.0 = Debug|Any CPU
		{B3224058-E12D-47E5-BF56-B7FB595025AA}.Release|Any CPU.ActiveCfg = Release|Any CPU
		{B3224058-E12D-47E5-BF56-B7FB595025AA}.Release|Any CPU.Build.0 = Release|Any CPU
		{6420BDCC-CE81-4FAC-A18C-91415EBC737B}.Debug|Any CPU.ActiveCfg = Debug|Any CPU
		{6420BDCC-CE81-4FAC-A18C-91415EBC737B}.Debug|Any CPU.Build.0 = Debug|Any CPU
		{6420BDCC-CE81-4FAC-A18C-91415EBC737B}.Release|Any CPU.ActiveCfg = Release|Any CPU
		{6420BDCC-CE81-4FAC-A18C-91415EBC737B}.Release|Any CPU.Build.0 = Release|Any CPU
		{410C76E5-EBB7-4AA5-BAA4-8F38521EE5CB}.Debug|Any CPU.ActiveCfg = Debug|Any CPU
		{410C76E5-EBB7-4AA5-BAA4-8F38521EE5CB}.Debug|Any CPU.Build.0 = Debug|Any CPU
		{410C76E5-EBB7-4AA5-BAA4-8F38521EE5CB}.Release|Any CPU.ActiveCfg = Release|Any CPU
		{410C76E5-EBB7-4AA5-BAA4-8F38521EE5CB}.Release|Any CPU.Build.0 = Release|Any CPU
		{EEBA5596-4F7E-4E9C-9399-5DE1356C7C72}.Debug|Any CPU.ActiveCfg = Debug|Any CPU
		{EEBA5596-4F7E-4E9C-9399-5DE1356C7C72}.Debug|Any CPU.Build.0 = Debug|Any CPU
		{EEBA5596-4F7E-4E9C-9399-5DE1356C7C72}.Release|Any CPU.ActiveCfg = Release|Any CPU
		{EEBA5596-4F7E-4E9C-9399-5DE1356C7C72}.Release|Any CPU.Build.0 = Release|Any CPU
		{EE697575-5264-4B0A-8EC0-9668885F1959}.Debug|Any CPU.ActiveCfg = Debug|Any CPU
		{EE697575-5264-4B0A-8EC0-9668885F1959}.Debug|Any CPU.Build.0 = Debug|Any CPU
		{EE697575-5264-4B0A-8EC0-9668885F1959}.Release|Any CPU.ActiveCfg = Release|Any CPU
		{EE697575-5264-4B0A-8EC0-9668885F1959}.Release|Any CPU.Build.0 = Release|Any CPU
		{3409298E-D153-4CB2-84CE-992E2A1AE345}.Debug|Any CPU.ActiveCfg = Debug|Any CPU
		{3409298E-D153-4CB2-84CE-992E2A1AE345}.Debug|Any CPU.Build.0 = Debug|Any CPU
		{3409298E-D153-4CB2-84CE-992E2A1AE345}.Release|Any CPU.ActiveCfg = Release|Any CPU
		{3409298E-D153-4CB2-84CE-992E2A1AE345}.Release|Any CPU.Build.0 = Release|Any CPU
		{1B78F00F-4158-44E3-B8E6-82FC7EEB6D44}.Debug|Any CPU.ActiveCfg = Debug|Any CPU
		{1B78F00F-4158-44E3-B8E6-82FC7EEB6D44}.Debug|Any CPU.Build.0 = Debug|Any CPU
		{1B78F00F-4158-44E3-B8E6-82FC7EEB6D44}.Release|Any CPU.ActiveCfg = Release|Any CPU
		{1B78F00F-4158-44E3-B8E6-82FC7EEB6D44}.Release|Any CPU.Build.0 = Release|Any CPU
		{C0609243-52B0-4EB2-B9BB-229C3F52E814}.Debug|Any CPU.ActiveCfg = Debug|Any CPU
		{C0609243-52B0-4EB2-B9BB-229C3F52E814}.Debug|Any CPU.Build.0 = Debug|Any CPU
		{C0609243-52B0-4EB2-B9BB-229C3F52E814}.Release|Any CPU.ActiveCfg = Release|Any CPU
		{C0609243-52B0-4EB2-B9BB-229C3F52E814}.Release|Any CPU.Build.0 = Release|Any CPU
		{CF405EA6-3B68-43E1-92F9-B47094A0E40C}.Debug|Any CPU.ActiveCfg = Debug|Any CPU
		{CF405EA6-3B68-43E1-92F9-B47094A0E40C}.Debug|Any CPU.Build.0 = Debug|Any CPU
		{CF405EA6-3B68-43E1-92F9-B47094A0E40C}.Release|Any CPU.ActiveCfg = Release|Any CPU
		{CF405EA6-3B68-43E1-92F9-B47094A0E40C}.Release|Any CPU.Build.0 = Release|Any CPU
		{4D28FFDE-719C-49DC-9163-41A472C2C591}.Debug|Any CPU.ActiveCfg = Debug|Any CPU
		{4D28FFDE-719C-49DC-9163-41A472C2C591}.Debug|Any CPU.Build.0 = Debug|Any CPU
		{4D28FFDE-719C-49DC-9163-41A472C2C591}.Release|Any CPU.ActiveCfg = Release|Any CPU
		{4D28FFDE-719C-49DC-9163-41A472C2C591}.Release|Any CPU.Build.0 = Release|Any CPU
	EndGlobalSection
	GlobalSection(SolutionProperties) = preSolution
		HideSolutionNode = FALSE
	EndGlobalSection
	GlobalSection(ExtensibilityGlobals) = postSolution
		SolutionGuid = {92D253B6-0746-4A00-AF0D-92B3528710F2}
	EndGlobalSection
EndGlobal
