
Microsoft Visual Studio Solution File, Format Version 12.00
# Visual Studio Version 16
VisualStudioVersion = 16.0.30907.101
MinimumVisualStudioVersion = 10.0.40219.1
Project("{FAE04EC0-301F-11D3-BF4B-00C04F79EFBC}") = "01.ActionPrint", "01.ActionPrint\01.ActionPrint.csproj", "{DC0445F0-63A3-47E0-B31A-68053CAD883F}"
EndProject
Project("{FAE04EC0-301F-11D3-BF4B-00C04F79EFBC}") = "01.ActionPrint1", "01.ActionPrint1\01.ActionPrint1.csproj", "{943FB617-0A93-4000-821B-127D79B79B85}"
EndProject
Project("{FAE04EC0-301F-11D3-BF4B-00C04F79EFBC}") = "02.KnightsofHonor", "02.KnightsofHonor\02.KnightsofHonor.csproj", "{98EE4FCC-C4AC-4C3E-A67F-8BD33EB79A45}"
EndProject
Project("{FAE04EC0-301F-11D3-BF4B-00C04F79EFBC}") = "02.KnightsofHonor1", "02.KnightsofHonor1\02.KnightsofHonor1.csproj", "{AC1CB171-E27F-4684-938D-37F37848CC48}"
EndProject
Global
	GlobalSection(SolutionConfigurationPlatforms) = preSolution
		Debug|Any CPU = Debug|Any CPU
		Release|Any CPU = Release|Any CPU
	EndGlobalSection
	GlobalSection(ProjectConfigurationPlatforms) = postSolution
		{DC0445F0-63A3-47E0-B31A-68053CAD883F}.Debug|Any CPU.ActiveCfg = Debug|Any CPU
		{DC0445F0-63A3-47E0-B31A-68053CAD883F}.Debug|Any CPU.Build.0 = Debug|Any CPU
		{DC0445F0-63A3-47E0-B31A-68053CAD883F}.Release|Any CPU.ActiveCfg = Release|Any CPU
		{DC0445F0-63A3-47E0-B31A-68053CAD883F}.Release|Any CPU.Build.0 = Release|Any CPU
		{943FB617-0A93-4000-821B-127D79B79B85}.Debug|Any CPU.ActiveCfg = Debug|Any CPU
		{943FB617-0A93-4000-821B-127D79B79B85}.Debug|Any CPU.Build.0 = Debug|Any CPU
		{943FB617-0A93-4000-821B-127D79B79B85}.Release|Any CPU.ActiveCfg = Release|Any CPU
		{943FB617-0A93-4000-821B-127D79B79B85}.Release|Any CPU.Build.0 = Release|Any CPU
		{98EE4FCC-C4AC-4C3E-A67F-8BD33EB79A45}.Debug|Any CPU.ActiveCfg = Debug|Any CPU
		{98EE4FCC-C4AC-4C3E-A67F-8BD33EB79A45}.Debug|Any CPU.Build.0 = Debug|Any CPU
		{98EE4FCC-C4AC-4C3E-A67F-8BD33EB79A45}.Release|Any CPU.ActiveCfg = Release|Any CPU
		{98EE4FCC-C4AC-4C3E-A67F-8BD33EB79A45}.Release|Any CPU.Build.0 = Release|Any CPU
		{AC1CB171-E27F-4684-938D-37F37848CC48}.Debug|Any CPU.ActiveCfg = Debug|Any CPU
		{AC1CB171-E27F-4684-938D-37F37848CC48}.Debug|Any CPU.Build.0 = Debug|Any CPU
		{AC1CB171-E27F-4684-938D-37F37848CC48}.Release|Any CPU.ActiveCfg = Release|Any CPU
		{AC1CB171-E27F-4684-938D-37F37848CC48}.Release|Any CPU.Build.0 = Release|Any CPU
	EndGlobalSection
	GlobalSection(SolutionProperties) = preSolution
		HideSolutionNode = FALSE
	EndGlobalSection
	GlobalSection(ExtensibilityGlobals) = postSolution
		SolutionGuid = {92D253B6-0746-4A00-AF0D-92B3528710F2}
	EndGlobalSection
EndGlobal
