
Microsoft Visual Studio Solution File, Format Version 12.00
# Visual Studio Version 16
VisualStudioVersion = 16.0.30907.101
MinimumVisualStudioVersion = 10.0.40219.1
Project("{FAE04EC0-301F-11D3-BF4B-00C04F79EFBC}") = "01.SortEvenNumbers", "01.SortEvenNumbers\01.SortEvenNumbers.csproj", "{AAFFA769-6944-4091-8BB4-468D200E0594}"
EndProject
Project("{FAE04EC0-301F-11D3-BF4B-00C04F79EFBC}") = "02.SumNumbers", "02.SumNumbers\02.SumNumbers.csproj", "{5B816F05-F9A9-4BF6-A796-85DF15A336C3}"
EndProject
Project("{FAE04EC0-301F-11D3-BF4B-00C04F79EFBC}") = "03.CountUppercaseWords", "03.CountUppercaseWords\03.CountUppercaseWords.csproj", "{092337DE-F38E-4663-B619-97DC6134E746}"
EndProject
Project("{FAE04EC0-301F-11D3-BF4B-00C04F79EFBC}") = "04.AddVAT", "04.AddVAT\04.AddVAT.csproj", "{97691360-4703-45C6-B006-B1935BCF188B}"
EndProject
Project("{FAE04EC0-301F-11D3-BF4B-00C04F79EFBC}") = "05.FilterByAge", "05.FilterByAge\05.FilterByAge.csproj", "{67FB8555-7690-4784-95ED-124C25785180}"
EndProject
Project("{FAE04EC0-301F-11D3-BF4B-00C04F79EFBC}") = "01.SortEvenNumbers1", "01.SortEvenNumbers1\01.SortEvenNumbers1.csproj", "{5683003A-05A3-439E-B422-230BD826EB2B}"
EndProject
Project("{FAE04EC0-301F-11D3-BF4B-00C04F79EFBC}") = "02.SumNumbers1", "02.SumNumbers1\02.SumNumbers1.csproj", "{67B7AB31-86D9-4140-9392-543AC1D7A5F5}"
EndProject
Global
	GlobalSection(SolutionConfigurationPlatforms) = preSolution
		Debug|Any CPU = Debug|Any CPU
		Release|Any CPU = Release|Any CPU
	EndGlobalSection
	GlobalSection(ProjectConfigurationPlatforms) = postSolution
		{AAFFA769-6944-4091-8BB4-468D200E0594}.Debug|Any CPU.ActiveCfg = Debug|Any CPU
		{AAFFA769-6944-4091-8BB4-468D200E0594}.Debug|Any CPU.Build.0 = Debug|Any CPU
		{AAFFA769-6944-4091-8BB4-468D200E0594}.Release|Any CPU.ActiveCfg = Release|Any CPU
		{AAFFA769-6944-4091-8BB4-468D200E0594}.Release|Any CPU.Build.0 = Release|Any CPU
		{5B816F05-F9A9-4BF6-A796-85DF15A336C3}.Debug|Any CPU.ActiveCfg = Debug|Any CPU
		{5B816F05-F9A9-4BF6-A796-85DF15A336C3}.Debug|Any CPU.Build.0 = Debug|Any CPU
		{5B816F05-F9A9-4BF6-A796-85DF15A336C3}.Release|Any CPU.ActiveCfg = Release|Any CPU
		{5B816F05-F9A9-4BF6-A796-85DF15A336C3}.Release|Any CPU.Build.0 = Release|Any CPU
		{092337DE-F38E-4663-B619-97DC6134E746}.Debug|Any CPU.ActiveCfg = Debug|Any CPU
		{092337DE-F38E-4663-B619-97DC6134E746}.Debug|Any CPU.Build.0 = Debug|Any CPU
		{092337DE-F38E-4663-B619-97DC6134E746}.Release|Any CPU.ActiveCfg = Release|Any CPU
		{092337DE-F38E-4663-B619-97DC6134E746}.Release|Any CPU.Build.0 = Release|Any CPU
		{97691360-4703-45C6-B006-B1935BCF188B}.Debug|Any CPU.ActiveCfg = Debug|Any CPU
		{97691360-4703-45C6-B006-B1935BCF188B}.Debug|Any CPU.Build.0 = Debug|Any CPU
		{97691360-4703-45C6-B006-B1935BCF188B}.Release|Any CPU.ActiveCfg = Release|Any CPU
		{97691360-4703-45C6-B006-B1935BCF188B}.Release|Any CPU.Build.0 = Release|Any CPU
		{67FB8555-7690-4784-95ED-124C25785180}.Debug|Any CPU.ActiveCfg = Debug|Any CPU
		{67FB8555-7690-4784-95ED-124C25785180}.Debug|Any CPU.Build.0 = Debug|Any CPU
		{67FB8555-7690-4784-95ED-124C25785180}.Release|Any CPU.ActiveCfg = Release|Any CPU
		{67FB8555-7690-4784-95ED-124C25785180}.Release|Any CPU.Build.0 = Release|Any CPU
		{5683003A-05A3-439E-B422-230BD826EB2B}.Debug|Any CPU.ActiveCfg = Debug|Any CPU
		{5683003A-05A3-439E-B422-230BD826EB2B}.Debug|Any CPU.Build.0 = Debug|Any CPU
		{5683003A-05A3-439E-B422-230BD826EB2B}.Release|Any CPU.ActiveCfg = Release|Any CPU
		{5683003A-05A3-439E-B422-230BD826EB2B}.Release|Any CPU.Build.0 = Release|Any CPU
		{67B7AB31-86D9-4140-9392-543AC1D7A5F5}.Debug|Any CPU.ActiveCfg = Debug|Any CPU
		{67B7AB31-86D9-4140-9392-543AC1D7A5F5}.Debug|Any CPU.Build.0 = Debug|Any CPU
		{67B7AB31-86D9-4140-9392-543AC1D7A5F5}.Release|Any CPU.ActiveCfg = Release|Any CPU
		{67B7AB31-86D9-4140-9392-543AC1D7A5F5}.Release|Any CPU.Build.0 = Release|Any CPU
	EndGlobalSection
	GlobalSection(SolutionProperties) = preSolution
		HideSolutionNode = FALSE
	EndGlobalSection
	GlobalSection(ExtensibilityGlobals) = postSolution
		SolutionGuid = {D25F86FA-67CF-4216-9321-6970F587C88A}
	EndGlobalSection
EndGlobal
