
Microsoft Visual Studio Solution File, Format Version 12.00
# Visual Studio Version 16
VisualStudioVersion = 16.0.31410.357
MinimumVisualStudioVersion = 10.0.40219.1
Project("{9A19103F-16F7-4668-BE54-9A1E7A4F7556}") = "01.ListyIterator", "01.ListyIterator\01.ListyIterator.csproj", "{54675B3B-F477-43E6-A449-89E4512E2243}"
EndProject
Project("{9A19103F-16F7-4668-BE54-9A1E7A4F7556}") = "02.Collection", "02.Collection\02.Collection.csproj", "{CB4825F9-6E45-4B0D-9217-ECF5D33A30B3}"
EndProject
Project("{9A19103F-16F7-4668-BE54-9A1E7A4F7556}") = "03.Stack", "03.Stack\03.Stack.csproj", "{765892A2-4D5E-4AD0-9AEE-E340E3C76E95}"
EndProject
Project("{9A19103F-16F7-4668-BE54-9A1E7A4F7556}") = "04.Froggy", "04.Froggy\04.Froggy.csproj", "{6B03D432-95A3-4803-8F49-4A15898145BD}"
EndProject
Project("{9A19103F-16F7-4668-BE54-9A1E7A4F7556}") = "05.ComparingObjects", "05.ComparingObjects\05.ComparingObjects.csproj", "{635EB91F-31AB-4C1E-B815-B61AF121226A}"
EndProject
Project("{9A19103F-16F7-4668-BE54-9A1E7A4F7556}") = "06.EqualityLogic", "06.EqualityLogic\06.EqualityLogic.csproj", "{CB358715-72EC-4482-B48B-9EE13B2A6694}"
EndProject
Global
	GlobalSection(SolutionConfigurationPlatforms) = preSolution
		Debug|Any CPU = Debug|Any CPU
		Release|Any CPU = Release|Any CPU
	EndGlobalSection
	GlobalSection(ProjectConfigurationPlatforms) = postSolution
		{54675B3B-F477-43E6-A449-89E4512E2243}.Debug|Any CPU.ActiveCfg = Debug|Any CPU
		{54675B3B-F477-43E6-A449-89E4512E2243}.Debug|Any CPU.Build.0 = Debug|Any CPU
		{54675B3B-F477-43E6-A449-89E4512E2243}.Release|Any CPU.ActiveCfg = Release|Any CPU
		{54675B3B-F477-43E6-A449-89E4512E2243}.Release|Any CPU.Build.0 = Release|Any CPU
		{CB4825F9-6E45-4B0D-9217-ECF5D33A30B3}.Debug|Any CPU.ActiveCfg = Debug|Any CPU
		{CB4825F9-6E45-4B0D-9217-ECF5D33A30B3}.Debug|Any CPU.Build.0 = Debug|Any CPU
		{CB4825F9-6E45-4B0D-9217-ECF5D33A30B3}.Release|Any CPU.ActiveCfg = Release|Any CPU
		{CB4825F9-6E45-4B0D-9217-ECF5D33A30B3}.Release|Any CPU.Build.0 = Release|Any CPU
		{765892A2-4D5E-4AD0-9AEE-E340E3C76E95}.Debug|Any CPU.ActiveCfg = Debug|Any CPU
		{765892A2-4D5E-4AD0-9AEE-E340E3C76E95}.Debug|Any CPU.Build.0 = Debug|Any CPU
		{765892A2-4D5E-4AD0-9AEE-E340E3C76E95}.Release|Any CPU.ActiveCfg = Release|Any CPU
		{765892A2-4D5E-4AD0-9AEE-E340E3C76E95}.Release|Any CPU.Build.0 = Release|Any CPU
		{6B03D432-95A3-4803-8F49-4A15898145BD}.Debug|Any CPU.ActiveCfg = Debug|Any CPU
		{6B03D432-95A3-4803-8F49-4A15898145BD}.Debug|Any CPU.Build.0 = Debug|Any CPU
		{6B03D432-95A3-4803-8F49-4A15898145BD}.Release|Any CPU.ActiveCfg = Release|Any CPU
		{6B03D432-95A3-4803-8F49-4A15898145BD}.Release|Any CPU.Build.0 = Release|Any CPU
		{635EB91F-31AB-4C1E-B815-B61AF121226A}.Debug|Any CPU.ActiveCfg = Debug|Any CPU
		{635EB91F-31AB-4C1E-B815-B61AF121226A}.Debug|Any CPU.Build.0 = Debug|Any CPU
		{635EB91F-31AB-4C1E-B815-B61AF121226A}.Release|Any CPU.ActiveCfg = Release|Any CPU
		{635EB91F-31AB-4C1E-B815-B61AF121226A}.Release|Any CPU.Build.0 = Release|Any CPU
		{CB358715-72EC-4482-B48B-9EE13B2A6694}.Debug|Any CPU.ActiveCfg = Debug|Any CPU
		{CB358715-72EC-4482-B48B-9EE13B2A6694}.Debug|Any CPU.Build.0 = Debug|Any CPU
		{CB358715-72EC-4482-B48B-9EE13B2A6694}.Release|Any CPU.ActiveCfg = Release|Any CPU
		{CB358715-72EC-4482-B48B-9EE13B2A6694}.Release|Any CPU.Build.0 = Release|Any CPU
	EndGlobalSection
	GlobalSection(SolutionProperties) = preSolution
		HideSolutionNode = FALSE
	EndGlobalSection
	GlobalSection(ExtensibilityGlobals) = postSolution
		SolutionGuid = {09CB1C00-3CB5-470B-B712-698A60E4310C}
	EndGlobalSection
EndGlobal
